{
    "_readme": [
        "This file locks the dependencies of your project to a known state",
        "Read more about it at http://getcomposer.org/doc/01-basic-usage.md#composer-lock-the-lock-file"
    ],
    "hash": "fa722e8e5058bcca056273ce1a6dce52",
    "packages": [
        {
            "name": "guzzle/guzzle",
            "version": "dev-master",
            "source": {
                "type": "git",
                "url": "https://github.com/guzzle/guzzle.git",
                "reference": "fc775da5bdd34dc2f7719114e36a60fd2452c9c1"
            },
            "dist": {
                "type": "zip",
                "url": "https://api.github.com/repos/guzzle/guzzle/zipball/fc775da5bdd34dc2f7719114e36a60fd2452c9c1",
                "reference": "fc775da5bdd34dc2f7719114e36a60fd2452c9c1",
                "shasum": ""
            },
            "require": {
                "ext-curl": "*",
                "php": ">=5.3.2",
                "symfony/event-dispatcher": ">=2.1"
            },
            "replace": {
                "guzzle/batch": "self.version",
                "guzzle/cache": "self.version",
                "guzzle/common": "self.version",
                "guzzle/http": "self.version",
                "guzzle/inflection": "self.version",
                "guzzle/iterator": "self.version",
                "guzzle/log": "self.version",
                "guzzle/parser": "self.version",
                "guzzle/plugin": "self.version",
                "guzzle/plugin-async": "self.version",
                "guzzle/plugin-backoff": "self.version",
                "guzzle/plugin-cache": "self.version",
                "guzzle/plugin-cookie": "self.version",
                "guzzle/plugin-curlauth": "self.version",
                "guzzle/plugin-error-response": "self.version",
                "guzzle/plugin-history": "self.version",
                "guzzle/plugin-log": "self.version",
                "guzzle/plugin-md5": "self.version",
                "guzzle/plugin-mock": "self.version",
                "guzzle/plugin-oauth": "self.version",
                "guzzle/service": "self.version",
                "guzzle/stream": "self.version"
            },
            "require-dev": {
                "doctrine/cache": "*",
                "monolog/monolog": "1.*",
                "phpunit/phpunit": "3.7.*",
                "psr/log": "1.0.*",
                "symfony/class-loader": "*",
                "zendframework/zend-cache": "2.0.*",
                "zendframework/zend-log": "2.0.*"
            },
            "type": "library",
            "extra": {
                "branch-alias": {
                    "dev-master": "3.7-dev"
                }
            },
            "autoload": {
                "psr-0": {
                    "Guzzle\\Tests": "tests/",
                    "Guzzle": "src/"
                }
            },
            "notification-url": "https://packagist.org/downloads/",
            "license": [
                "MIT"
            ],
            "authors": [
                {
                    "name": "Michael Dowling",
                    "email": "mtdowling@gmail.com",
                    "homepage": "https://github.com/mtdowling"
                },
                {
                    "name": "Guzzle Community",
                    "homepage": "https://github.com/guzzle/guzzle/contributors"
                }
            ],
            "description": "Guzzle is a PHP HTTP client library and framework for building RESTful web service clients",
            "homepage": "http://guzzlephp.org/",
            "keywords": [
                "client",
                "curl",
                "framework",
                "http",
                "http client",
                "rest",
                "web service"
            ],
            "time": "2013-06-27 20:08:12"
        },
        {
            "name": "symfony/event-dispatcher",
            "version": "dev-master",
            "target-dir": "Symfony/Component/EventDispatcher",
            "source": {
                "type": "git",
                "url": "https://github.com/symfony/EventDispatcher.git",
                "reference": "4b34aad44d0a2d91f301ee967151ce0980f39930"
            },
            "dist": {
                "type": "zip",
                "url": "https://api.github.com/repos/symfony/EventDispatcher/zipball/4b34aad44d0a2d91f301ee967151ce0980f39930",
                "reference": "4b34aad44d0a2d91f301ee967151ce0980f39930",
                "shasum": ""
            },
            "require": {
                "php": ">=5.3.3"
            },
            "require-dev": {
                "symfony/dependency-injection": ">=2.0,<3.0"
            },
            "suggest": {
                "symfony/dependency-injection": "",
                "symfony/http-kernel": ""
            },
            "type": "library",
            "extra": {
                "branch-alias": {
                    "dev-master": "2.4-dev"
                }
            },
            "autoload": {
                "psr-0": {
                    "Symfony\\Component\\EventDispatcher\\": ""
                }
            },
            "notification-url": "https://packagist.org/downloads/",
            "license": [
                "MIT"
            ],
            "authors": [
                {
                    "name": "Fabien Potencier",
                    "email": "fabien@symfony.com"
                },
                {
                    "name": "Symfony Community",
                    "homepage": "http://symfony.com/contributors"
                }
            ],
            "description": "Symfony EventDispatcher Component",
            "homepage": "http://symfony.com",
            "time": "2013-05-16 07:54:39"
        },
        {
            "name": "symfony/serializer",
            "version": "2.3.x-dev",
            "target-dir": "Symfony/Component/Serializer",
            "source": {
                "type": "git",
                "url": "https://github.com/symfony/Serializer.git",
                "reference": "v2.3.1"
            },
            "dist": {
                "type": "zip",
                "url": "https://api.github.com/repos/symfony/Serializer/zipball/v2.3.1",
                "reference": "v2.3.1",
                "shasum": ""
            },
            "require": {
                "php": ">=5.3.3"
            },
            "type": "library",
            "extra": {
                "branch-alias": {
                    "dev-master": "2.3-dev"
                }
            },
            "autoload": {
                "psr-0": {
                    "Symfony\\Component\\Serializer\\": ""
                }
            },
            "notification-url": "https://packagist.org/downloads/",
            "license": [
                "MIT"
            ],
            "authors": [
                {
                    "name": "Fabien Potencier",
                    "email": "fabien@symfony.com"
                },
                {
                    "name": "Symfony Community",
                    "homepage": "http://symfony.com/contributors"
                }
            ],
            "description": "Symfony Serializer Component",
            "homepage": "http://symfony.com",
            "time": "2013-05-10 18:12:13"
        }
    ],
    "packages-dev": [
        {
            "name": "phpspec/php-diff",
            "version": "v1.0.1",
            "source": {
                "type": "git",
                "url": "https://github.com/phpspec/php-diff.git",
                "reference": "v1.0.1"
            },
            "dist": {
                "type": "zip",
                "url": "https://api.github.com/repos/phpspec/php-diff/zipball/v1.0.1",
                "reference": "v1.0.1",
                "shasum": ""
            },
            "type": "library",
            "autoload": {
                "psr-0": {
                    "Diff": "lib/"
                }
            },
            "notification-url": "https://packagist.org/downloads/",
            "license": [
                "BSD-3-Clause"
            ],
            "authors": [
                {
                    "name": "Chris Boulton",
                    "homepage": "http://github.com/chrisboulton"
                }
            ],
            "description": "A comprehensive library for generating differences between two hashable objects (strings or arrays).",
            "time": "2012-11-08 08:55:45"
        },
        {
            "name": "phpspec/phpspec",
            "version": "dev-master",
            "source": {
                "type": "git",
                "url": "https://github.com/phpspec/phpspec.git",
                "reference": "56819ea76a8d59e615e0a9c099451c012338a72d"
            },
            "dist": {
                "type": "zip",
                "url": "https://api.github.com/repos/phpspec/phpspec/zipball/56819ea76a8d59e615e0a9c099451c012338a72d",
                "reference": "56819ea76a8d59e615e0a9c099451c012338a72d",
                "shasum": ""
            },
            "require": {
                "php": ">=5.3.3",
                "phpspec/php-diff": ">=1.0,<1.1",
                "phpspec/prophecy": ">=1.0.2,<1.1",
                "symfony/console": ">=2.1,<3.0",
                "symfony/event-dispatcher": ">=2.1,<3.0",
                "symfony/finder": ">=2.1,<3.0",
                "symfony/yaml": ">=2.1,<3.0"
            },
            "suggest": {
                "whatthejeff/nyancat-scoreboard": "~1.1 – Enables the Nyan Cat formatter"
            },
            "bin": [
                "bin/phpspec"
            ],
            "type": "library",
            "extra": {
                "branch-alias": {
                    "dev-master": "2.0.x-dev"
                }
            },
            "autoload": {
                "psr-0": {
                    "PhpSpec": "src/"
                }
            },
            "notification-url": "https://packagist.org/downloads/",
            "license": [
                "MIT"
            ],
            "authors": [
                {
                    "name": "Konstantin Kudryashov",
                    "email": "ever.zet@gmail.com",
                    "homepage": "http://everzet.com"
                },
                {
                    "name": "Marcello Duarte",
                    "homepage": "http://marcelloduarte.net/"
                }
            ],
            "description": "Specification-oriented BDD framework for PHP 5.3+",
            "homepage": "http://phpspec.net/",
            "keywords": [
                "BDD",
                "SpecBDD",
                "TDD",
                "spec",
                "specification",
                "testing",
                "tests"
            ],
            "time": "2013-06-24 08:45:19"
        },
        {
            "name": "phpspec/prophecy",
            "version": "dev-master",
            "source": {
                "type": "git",
                "url": "https://github.com/phpspec/prophecy.git",
                "reference": "593c8c679369c0ea49616cd812a0fb2984084757"
            },
            "dist": {
                "type": "zip",
                "url": "https://api.github.com/repos/phpspec/prophecy/zipball/593c8c679369c0ea49616cd812a0fb2984084757",
                "reference": "593c8c679369c0ea49616cd812a0fb2984084757",
                "shasum": ""
            },
            "require-dev": {
                "phpspec/phpspec": "2.0.*"
            },
            "type": "library",
            "extra": {
                "branch-alias": {
                    "dev-master": "1.0.x-dev"
                }
            },
            "autoload": {
                "psr-0": {
                    "Prophecy\\": "src/"
                }
            },
            "notification-url": "https://packagist.org/downloads/",
            "license": [
                "MIT"
            ],
            "authors": [
                {
                    "name": "Konstantin Kudryashov",
                    "email": "ever.zet@gmail.com",
                    "homepage": "http://everzet.com"
                },
                {
                    "name": "Marcello Duarte",
                    "email": "marcello.duarte@gmail.com"
                }
            ],
            "description": "Highly opinionated mocking framework for PHP 5.3+",
            "homepage": "http://phpspec.org",
            "keywords": [
                "Double",
                "Dummy",
                "fake",
                "mock",
                "spy",
                "stub"
            ],
            "time": "2013-06-19 15:13:15"
        },
        {
            "name": "symfony/console",
            "version": "dev-master",
            "target-dir": "Symfony/Component/Console",
            "source": {
                "type": "git",
                "url": "https://github.com/symfony/Console.git",
                "reference": "b68fd0262ebae63f796d188f48eaa470044861fd"
            },
            "dist": {
                "type": "zip",
                "url": "https://api.github.com/repos/symfony/Console/zipball/b68fd0262ebae63f796d188f48eaa470044861fd",
                "reference": "b68fd0262ebae63f796d188f48eaa470044861fd",
                "shasum": ""
            },
            "require": {
                "php": ">=5.3.3"
            },
            "require-dev": {
                "symfony/event-dispatcher": ">=2.1,<3.0"
            },
            "suggest": {
                "symfony/event-dispatcher": ""
            },
            "type": "library",
            "extra": {
                "branch-alias": {
                    "dev-master": "2.4-dev"
                }
            },
            "autoload": {
                "psr-0": {
                    "Symfony\\Component\\Console\\": ""
                }
            },
            "notification-url": "https://packagist.org/downloads/",
            "license": [
                "MIT"
            ],
            "authors": [
                {
                    "name": "Fabien Potencier",
                    "email": "fabien@symfony.com"
                },
                {
                    "name": "Symfony Community",
                    "homepage": "http://symfony.com/contributors"
                }
            ],
            "description": "Symfony Console Component",
            "homepage": "http://symfony.com",
            "time": "2013-06-23 08:16:33"
        },
        {
            "name": "symfony/finder",
            "version": "dev-master",
            "target-dir": "Symfony/Component/Finder",
            "source": {
                "type": "git",
                "url": "https://github.com/symfony/Finder.git",
                "reference": "d8da924d4f7d9f325ebd72feefee40c17a3e9104"
            },
            "dist": {
                "type": "zip",
                "url": "https://api.github.com/repos/symfony/Finder/zipball/d8da924d4f7d9f325ebd72feefee40c17a3e9104",
                "reference": "d8da924d4f7d9f325ebd72feefee40c17a3e9104",
                "shasum": ""
            },
            "require": {
                "php": ">=5.3.3"
            },
            "type": "library",
            "extra": {
                "branch-alias": {
                    "dev-master": "2.4-dev"
                }
            },
            "autoload": {
                "psr-0": {
                    "Symfony\\Component\\Finder\\": ""
                }
            },
            "notification-url": "https://packagist.org/downloads/",
            "license": [
                "MIT"
            ],
            "authors": [
                {
                    "name": "Fabien Potencier",
                    "email": "fabien@symfony.com"
                },
                {
                    "name": "Symfony Community",
                    "homepage": "http://symfony.com/contributors"
                }
            ],
            "description": "Symfony Finder Component",
            "homepage": "http://symfony.com",
            "time": "2013-06-23 08:16:33"
        },
        {
            "name": "symfony/yaml",
            "version": "dev-master",
            "target-dir": "Symfony/Component/Yaml",
            "source": {
                "type": "git",
                "url": "https://github.com/symfony/Yaml.git",
                "reference": "82100c7732c95452702d11433aad50988700d36c"
            },
            "dist": {
                "type": "zip",
                "url": "https://api.github.com/repos/symfony/Yaml/zipball/82100c7732c95452702d11433aad50988700d36c",
                "reference": "82100c7732c95452702d11433aad50988700d36c",
                "shasum": ""
            },
            "require": {
                "php": ">=5.3.3"
            },
            "type": "library",
            "extra": {
                "branch-alias": {
                    "dev-master": "2.4-dev"
                }
            },
            "autoload": {
                "psr-0": {
                    "Symfony\\Component\\Yaml\\": ""
                }
            },
            "notification-url": "https://packagist.org/downloads/",
            "license": [
                "MIT"
            ],
            "authors": [
                {
                    "name": "Fabien Potencier",
                    "email": "fabien@symfony.com"
                },
                {
                    "name": "Symfony Community",
                    "homepage": "http://symfony.com/contributors"
                }
            ],
            "description": "Symfony Yaml Component",
            "homepage": "http://symfony.com",
            "time": "2013-05-16 07:54:39"
        }
    ],
    "aliases": [

    ],
    "minimum-stability": "dev",
    "stability-flags": {
        "phpspec/phpspec": 20
    },
    "platform": {
        "php": ">=5.4.0"
    },
    "platform-dev": [

    ]
}
